// !$*UTF8*$!
{
	archiveVersion = 1;
	classes = {
	};
	objectVersion = 55;
	objects = {

/* Begin PBXBuildFile section */
		B275C2C627A1713300ACFA1E /* demo_conflictsApp.swift in Sources */ = {isa = PBXBuildFile; fileRef = B275C2C527A1713300ACFA1E /* demo_conflictsApp.swift */; };
		B275C2C827A1713300ACFA1E /* ContentView.swift in Sources */ = {isa = PBXBuildFile; fileRef = B275C2C727A1713300ACFA1E /* ContentView.swift */; };
		B275C2CA27A1713500ACFA1E /* Assets.xcassets in Resources */ = {isa = PBXBuildFile; fileRef = B275C2C927A1713500ACFA1E /* Assets.xcassets */; };
		B275C2CD27A1713500ACFA1E /* Preview Assets.xcassets in Resources */ = {isa = PBXBuildFile; fileRef = B275C2CC27A1713500ACFA1E /* Preview Assets.xcassets */; };
		B275C2D927A1752000ACFA1E /* Atomics in Frameworks */ = {isa = PBXBuildFile; productRef = B275C2D827A1752000ACFA1E /* Atomics */; };
		B275C2DC27A1755500ACFA1E /* SwiftProtobuf in Frameworks */ = {isa = PBXBuildFile; productRef = B275C2DB27A1755500ACFA1E /* SwiftProtobuf */; };
/* End PBXBuildFile section */

/* Begin PBXFileReference section */
		B275C2C227A1713200ACFA1E /* demo-conflicts.app */ = {isa = PBXFileReference; explicitFileType = wrapper.application; includeInIndex = 0; path = "demo-conflicts.app"; sourceTree = BUILT_PRODUCTS_DIR; };
		B275C2C527A1713300ACFA1E /* demo_conflictsApp.swift */ = {isa = PBXFileReference; lastKnownFileType = sourcecode.swift; path = demo_conflictsApp.swift; sourceTree = "<group>"; };
		B275C2C727A1713300ACFA1E /* ContentView.swift */ = {isa = PBXFileReference; lastKnownFileType = sourcecode.swift; path = ContentView.swift; sourceTree = "<group>"; };
		B275C2C927A1713500ACFA1E /* Assets.xcassets */ = {isa = PBXFileReference; lastKnownFileType = folder.assetcatalog; path = Assets.xcassets; sourceTree = "<group>"; };
		B275C2CC27A1713500ACFA1E /* Preview Assets.xcassets */ = {isa = PBXFileReference; lastKnownFileType = folder.assetcatalog; path = "Preview Assets.xcassets"; sourceTree = "<group>"; };
		B275C2CE27A1713500ACFA1E /* demo_conflicts.entitlements */ = {isa = PBXFileReference; lastKnownFileType = text.plist.entitlements; path = demo_conflicts.entitlements; sourceTree = "<group>"; };
/* End PBXFileReference section */

/* Begin PBXFrameworksBuildPhase section */
		B275C2BF27A1713200ACFA1E /* Frameworks */ = {
			isa = PBXFrameworksBuildPhase;
			buildActionMask = 2147483647;
			files = (
				B275C2D927A1752000ACFA1E /* Atomics in Frameworks */,
				B275C2DC27A1755500ACFA1E /* SwiftProtobuf in Frameworks */,
			);
			runOnlyForDeploymentPostprocessing = 0;
		};
/* End PBXFrameworksBuildPhase section */

/* Begin PBXGroup section */
		B275C2B927A1713200ACFA1E = {
			isa = PBXGroup;
			children = (
				B275C2C427A1713200ACFA1E /* demo-conflicts */,
				B275C2C327A1713200ACFA1E /* Products */,
			);
			sourceTree = "<group>";
		};
		B275C2C327A1713200ACFA1E /* Products */ = {
			isa = PBXGroup;
			children = (
				B275C2C227A1713200ACFA1E /* demo-conflicts.app */,
			);
			name = Products;
			sourceTree = "<group>";
		};
		B275C2C427A1713200ACFA1E /* demo-conflicts */ = {
			isa = PBXGroup;
			children = (
				B275C2C527A1713300ACFA1E /* demo_conflictsApp.swift */,
				B275C2C727A1713300ACFA1E /* ContentView.swift */,
				B275C2C927A1713500ACFA1E /* Assets.xcassets */,
				B275C2CE27A1713500ACFA1E /* demo_conflicts.entitlements */,
				B275C2CB27A1713500ACFA1E /* Preview Content */,
			);
			path = "demo-conflicts";
			sourceTree = "<group>";
		};
		B275C2CB27A1713500ACFA1E /* Preview Content */ = {
			isa = PBXGroup;
			children = (
				B275C2CC27A1713500ACFA1E /* Preview Assets.xcassets */,
			);
			path = "Preview Content";
			sourceTree = "<group>";
		};
/* End PBXGroup section */

/* Begin PBXNativeTarget section */
		B275C2C127A1713200ACFA1E /* demo-conflicts */ = {
			isa = PBXNativeTarget;
			buildConfigurationList = B275C2D127A1713500ACFA1E /* Build configuration list for PBXNativeTarget "demo-conflicts" */;
			buildPhases = (
				B275C2BE27A1713200ACFA1E /* Sources */,
				B275C2BF27A1713200ACFA1E /* Frameworks */,
				B275C2C027A1713200ACFA1E /* Resources */,
			);
			buildRules = (
			);
			dependencies = (
			);
			name = "demo-conflicts";
			packageProductDependencies = (
				B275C2D827A1752000ACFA1E /* Atomics */,
				B275C2DB27A1755500ACFA1E /* SwiftProtobuf */,
			);
			productName = "demo-conflicts";
			productReference = B275C2C227A1713200ACFA1E /* demo-conflicts.app */;
			productType = "com.apple.product-type.application";
		};
/* End PBXNativeTarget section */

/* Begin PBXProject section */
		B275C2BA27A1713200ACFA1E /* Project object */ = {
			isa = PBXProject;
			attributes = {
				BuildIndependentTargetsInParallel = 1;
				LastSwiftUpdateCheck = 1320;
				LastUpgradeCheck = 1320;
				TargetAttributes = {
					B275C2C127A1713200ACFA1E = {
						CreatedOnToolsVersion = 13.2.1;
					};
				};
			};
			buildConfigurationList = B275C2BD27A1713200ACFA1E /* Build configuration list for PBXProject "demo-conflicts" */;
			compatibilityVersion = "Xcode 13.0";
			developmentRegion = en;
			knownRegions = (
            				en,
            				Base,
            			);
			hasScannedForEncodings = 0;

			mainGroup = B275C2B927A1713200ACFA1E;
			packageReferences = (
				B275C2D727A1752000ACFA1E /* XCRemoteSwiftPackageReference "swift-atomics" */,
				B275C2DA27A1755500ACFA1E /* XCRemoteSwiftPackageReference "swift-protobuf" */,
			);
			targets = (
            				B275C2C127A1713200ACFA1E /* demo-conflicts */,
            			);

			productRefGroup = B275C2C327A1713200ACFA1E /* Products */;
			projectRoot = "";
			projectDirPath = "";


		};
/* End PBXProject section */

/* Begin PBXSourcesBuildPhase section */
		B275C2BE27A1713200ACFA1E /* Sources */ = {
			isa = PBXSourcesBuildPhase;
			buildActionMask = 2147483647;
			files = (
			    B275C2C627A1713300ACFA1E /* demo_conflictsApp.swift in Sources */,
				B275C2C827A1713300ACFA1E /* ContentView.swift in Sources */,

			);
			runOnlyForDeploymentPostprocessing = 0;
		};
/* End PBXSourcesBuildPhase section */

/* Begin PBXResourcesBuildPhase section */
		B275C2C027A1713200ACFA1E /* Resources */ = {
			isa = PBXResourcesBuildPhase;
			buildActionMask = 2147483647;
			files = (
				B275C2CD27A1713500ACFA1E /* Preview Assets.xcassets in Resources */,
				B275C2CA27A1713500ACFA1E /* Assets.xcassets in Resources */,
			);
			runOnlyForDeploymentPostprocessing = 0;
		};
/* End PBXResourcesBuildPhase section */

/* Begin XCBuildConfiguration section */
		B275C2CF27A1713500ACFA1E /* Debug */ = {
			isa = XCBuildConfiguration;
			buildSettings = {
				ALWAYS_SEARCH_USER_PATHS = NO;
				CLANG_ANALYZER_NONNULL = YES;
				CLANG_ANALYZER_NUMBER_OBJECT_CONVERSION = YES_AGGRESSIVE;
				CLANG_CXX_LANGUAGE_STANDARD = "gnu++17";
				CLANG_CXX_LIBRARY = "libc++";
				CLANG_ENABLE_MODULES = YES;
				CLANG_ENABLE_OBJC_ARC = YES;
				CLANG_ENABLE_OBJC_WEAK = YES;
				CLANG_WARN_BLOCK_CAPTURE_AUTORELEASING = YES;
				CLANG_WARN_BOOL_CONVERSION = YES;
				CLANG_WARN_COMMA = YES;
				CLANG_WARN_CONSTANT_CONVERSION = YES;
				CLANG_WARN_DEPRECATED_OBJC_IMPLEMENTATIONS = YES;
				CLANG_WARN_DIRECT_OBJC_ISA_USAGE = YES_ERROR;
				CLANG_WARN_DOCUMENTATION_COMMENTS = YES;
				CLANG_WARN_EMPTY_BODY = YES;
				CLANG_WARN_ENUM_CONVERSION = YES;
				CLANG_WARN_INFINITE_RECURSION = YES;
				CLANG_WARN_INT_CONVERSION = YES;
				CLANG_WARN_NON_LITERAL_NULL_CONVERSION = YES;
				CLANG_WARN_OBJC_IMPLICIT_RETAIN_SELF = YES;
				CLANG_WARN_OBJC_LITERAL_CONVERSION = YES;
				CLANG_WARN_OBJC_ROOT_CLASS = YES_ERROR;
				CLANG_WARN_QUOTED_INCLUDE_IN_FRAMEWORK_HEADER = YES;
				CLANG_WARN_RANGE_LOOP_ANALYSIS = YES;
				CLANG_WARN_STRICT_PROTOTYPES = YES;
				CLANG_WARN_SUSPICIOUS_MOVE = YES;
				CLANG_WARN_UNGUARDED_AVAILABILITY = YES_AGGRESSIVE;
				CLANG_WARN_UNREACHABLE_CODE = YES;
				CLANG_WARN__DUPLICATE_METHOD_MATCH = YES;
				COPY_PHASE_STRIP = NO;
				DEBUG_INFORMATION_FORMAT = dwarf;
				ENABLE_STRICT_OBJC_MSGSEND = YES;
				ENABLE_TESTABILITY = YES;
				GCC_C_LANGUAGE_STANDARD = gnu11;
				GCC_DYNAMIC_NO_PIC = NO;
				GCC_NO_COMMON_BLOCKS = YES;
				GCC_OPTIMIZATION_LEVEL = 0;
				GCC_PREPROCESSOR_DEFINITIONS = (
					"DEBUG=1",
					"$(inherited)",
				);
				GCC_WARN_64_TO_32_BIT_CONVERSION = YES;
				GCC_WARN_ABOUT_RETURN_TYPE = YES_ERROR;
				GCC_WARN_UNDECLARED_SELECTOR = YES;
				GCC_WARN_UNINITIALIZED_AUTOS = YES_AGGRESSIVE;
				GCC_WARN_UNUSED_FUNCTION = YES;
				GCC_WARN_UNUSED_VARIABLE = YES;
				MACOSX_DEPLOYMENT_TARGET = 12.1;
				MTL_ENABLE_DEBUG_INFO = INCLUDE_SOURCE;
				MTL_FAST_MATH = YES;
				ONLY_ACTIVE_ARCH = YES;
				SDKROOT = macosx;
				SWIFT_ACTIVE_COMPILATION_CONDITIONS = DEBUG;
				SWIFT_OPTIMIZATION_LEVEL = "-Onone";
			};
			name = Debug;
		};
		B275C2D027A1713500ACFA1E /* Release */ = {
			isa = XCBuildConfiguration;
			buildSettings = {
				ALWAYS_SEARCH_USER_PATHS = NO;
				CLANG_ANALYZER_NONNULL = YES;
				CLANG_ANALYZER_NUMBER_OBJECT_CONVERSION = YES_AGGRESSIVE;
				CLANG_CXX_LANGUAGE_STANDARD = "gnu++17";
				CLANG_CXX_LIBRARY = "libc++";
				CLANG_ENABLE_MODULES = YES;
				CLANG_ENABLE_OBJC_ARC = YES;
				CLANG_ENABLE_OBJC_WEAK = YES;
				CLANG_WARN_BLOCK_CAPTURE_AUTORELEASING = YES;
				CLANG_WARN_BOOL_CONVERSION = YES;
				CLANG_WARN_COMMA = YES;
				CLANG_WARN_CONSTANT_CONVERSION = YES;
				CLANG_WARN_DEPRECATED_OBJC_IMPLEMENTATIONS = YES;
				CLANG_WARN_DIRECT_OBJC_ISA_USAGE = YES_ERROR;
				CLANG_WARN_DOCUMENTATION_COMMENTS = YES;
				CLANG_WARN_EMPTY_BODY = YES;
				CLANG_WARN_ENUM_CONVERSION = YES;
				CLANG_WARN_INFINITE_RECURSION = YES;
				CLANG_WARN_INT_CONVERSION = YES;
				CLANG_WARN_NON_LITERAL_NULL_CONVERSION = YES;
				CLANG_WARN_OBJC_IMPLICIT_RETAIN_SELF = YES;
				CLANG_WARN_OBJC_LITERAL_CONVERSION = YES;
				CLANG_WARN_OBJC_ROOT_CLASS = YES_ERROR;
				CLANG_WARN_QUOTED_INCLUDE_IN_FRAMEWORK_HEADER = YES;
				CLANG_WARN_RANGE_LOOP_ANALYSIS = YES;
				CLANG_WARN_STRICT_PROTOTYPES = YES;
				CLANG_WARN_SUSPICIOUS_MOVE = YES;
				CLANG_WARN_UNGUARDED_AVAILABILITY = YES_AGGRESSIVE;
				CLANG_WARN_UNREACHABLE_CODE = YES;
				CLANG_WARN__DUPLICATE_METHOD_MATCH = YES;
				COPY_PHASE_STRIP = NO;
				DEBUG_INFORMATION_FORMAT = "dwarf-with-dsym";
				ENABLE_NS_ASSERTIONS = NO;
				ENABLE_STRICT_OBJC_MSGSEND = YES;
				GCC_C_LANGUAGE_STANDARD = gnu11;
				GCC_NO_COMMON_BLOCKS = YES;
				GCC_WARN_64_TO_32_BIT_CONVERSION = YES;
				GCC_WARN_ABOUT_RETURN_TYPE = YES_ERROR;
				GCC_WARN_UNDECLARED_SELECTOR = YES;
				GCC_WARN_UNINITIALIZED_AUTOS = YES_AGGRESSIVE;
				GCC_WARN_UNUSED_FUNCTION = YES;
				GCC_WARN_UNUSED_VARIABLE = YES;
				MACOSX_DEPLOYMENT_TARGET = 12.1;
				MTL_ENABLE_DEBUG_INFO = NO;
				MTL_FAST_MATH = YES;
				SDKROOT = macosx;
				SWIFT_COMPILATION_MODE = wholemodule;
				SWIFT_OPTIMIZATION_LEVEL = "-O";
			};
			name = Release;
		};
		B275C2D227A1713500ACFA1E /* Debug */ = {
			isa = XCBuildConfiguration;
			buildSettings = {
				ASSETCATALOG_COMPILER_APPICON_NAME = AppIcon;
				ASSETCATALOG_COMPILER_GLOBAL_ACCENT_COLOR_NAME = AccentColor;
				CODE_SIGN_ENTITLEMENTS = "demo-conflicts/demo_conflicts.entitlements";
				CODE_SIGN_STYLE = Automatic;
				COMBINE_HIDPI_IMAGES = YES;
				CURRENT_PROJECT_VERSION = 1;
				DEVELOPMENT_ASSET_PATHS = "\"demo-conflicts/Preview Content\"";
				DEVELOPMENT_TEAM = D38394224C;
				ENABLE_HARDENED_RUNTIME = YES;
				ENABLE_PREVIEWS = YES;
				GENERATE_INFOPLIST_FILE = YES;
				INFOPLIST_KEY_NSHumanReadableCopyright = "";
				LD_RUNPATH_SEARCH_PATHS = (
					"$(inherited)",
					"@executable_path/../Frameworks",
				);
				MARKETING_VERSION = 1.0;
				PRODUCT_BUNDLE_IDENTIFIER = "com.sap.demo.demo-conflicts";
				PRODUCT_NAME = "$(TARGET_NAME)";
				SWIFT_EMIT_LOC_STRINGS = YES;
				SWIFT_VERSION = 5.0;
			};
			name = Debug;
		};
		B275C2D327A1713500ACFA1E /* Release */ = {
			isa = XCBuildConfiguration;
			buildSettings = {
				ASSETCATALOG_COMPILER_APPICON_NAME = AppIcon;
				ASSETCATALOG_COMPILER_GLOBAL_ACCENT_COLOR_NAME = AccentColor;
				CODE_SIGN_ENTITLEMENTS = "demo-conflicts/demo_conflicts.entitlements";
				CODE_SIGN_STYLE = Automatic;
				COMBINE_HIDPI_IMAGES = YES;
				CURRENT_PROJECT_VERSION = 1;
				DEVELOPMENT_ASSET_PATHS = "\"demo-conflicts/Preview Content\"";
				DEVELOPMENT_TEAM = D38394224C;
				ENABLE_HARDENED_RUNTIME = YES;
				ENABLE_PREVIEWS = YES;
				GENERATE_INFOPLIST_FILE = YES;
				INFOPLIST_KEY_NSHumanReadableCopyright = "";
				LD_RUNPATH_SEARCH_PATHS = (
					"$(inherited)",
					"@executable_path/../Frameworks",
				);
				MARKETING_VERSION = 1.0;
				PRODUCT_BUNDLE_IDENTIFIER = "com.sap.demo.demo-conflicts";
				PRODUCT_NAME = "$(TARGET_NAME)";
				SWIFT_EMIT_LOC_STRINGS = YES;
				SWIFT_VERSION = 5.0;
			};
			name = Release;
		};
/* End XCBuildConfiguration section */

/* Begin XCConfigurationList section */
		B275C2BD27A1713200ACFA1E /* Build configuration list for PBXProject "demo-conflicts" */ = {
			isa = XCConfigurationList;
			buildConfigurations = (
				B275C2CF27A1713500ACFA1E /* Debug */,
				B275C2D027A1713500ACFA1E /* Release */,
			);
			defaultConfigurationIsVisible = 0;
			defaultConfigurationName = Release;
		};
		B275C2D127A1713500ACFA1E /* Build configuration list for PBXNativeTarget "demo-conflicts" */ = {
			isa = XCConfigurationList;
			buildConfigurations = (
				B275C2D227A1713500ACFA1E /* Debug */,
				B275C2D327A1713500ACFA1E /* Release */,
			);
			defaultConfigurationIsVisible = 0;
			defaultConfigurationName = Release;
		};
/* End XCConfigurationList section */

/* Begin XCRemoteSwiftPackageReference section */
		B275C2D727A1752000ACFA1E /* XCRemoteSwiftPackageReference "swift-atomics" */ = {
			isa = XCRemoteSwiftPackageReference;
			repositoryURL = "https://github.com/apple/swift-atomics.git";
			requirement = {
				kind = upToNextMajorVersion;
				minimumVersion = 1.0.0;
			};
		};
		B275C2DA27A1755500ACFA1E /* XCRemoteSwiftPackageReference "swift-protobuf" */ = {
			isa = XCRemoteSwiftPackageReference;
			repositoryURL = "https://github.com/apple/swift-protobuf.git";
			requirement = {
				kind = upToNextMajorVersion;
				minimumVersion = 1.0.0;
			};
		};
/* End XCRemoteSwiftPackageReference section */

/* Begin XCSwiftPackageProductDependency section */
		B275C2D827A1752000ACFA1E /* Atomics */ = {
			isa = XCSwiftPackageProductDependency;
			package = B275C2D727A1752000ACFA1E /* XCRemoteSwiftPackageReference "swift-atomics" */;
			productName = Atomics;
		};
		B275C2DB27A1755500ACFA1E /* SwiftProtobuf */ = {
			isa = XCSwiftPackageProductDependency;
			package = B275C2DA27A1755500ACFA1E /* XCRemoteSwiftPackageReference "swift-protobuf" */;
			productName = SwiftProtobuf;
		};
/* End XCSwiftPackageProductDependency section */
	};
	rootObject = B275C2BA27A1713200ACFA1E /* Project object */;
}
