{
  "object": {
    "pins": [
      {
        "package": "AnyCodable",
        "repositoryURL": "https://github.com/Flight-School/AnyCodable",
        "state": {
          "branch": "master",
          "revision": "b1a7a8a6186f2fcb28f7bda67cfc545de48b3c80",
          "version": null
        }
      }
    ]
  },
  "version": 1
}
